<?xml version="1.0" encoding="utf-8"?>
<Project ToolsVersion="4.0" xmlns="http://schemas.microsoft.com/developer/msbuild/2003">
  <ItemGroup>
    <Filter Include="Source Files">
      <UniqueIdentifier>{4FC737F1-C7A5-4376-A066-2A32D752A2FF}</UniqueIdentifier>
      <Extensions>cpp;c;cc;cxx;def;odl;idl;hpj;bat;asm;asmx</Extensions>
    </Filter>
    <Filter Include="Header Files">
      <UniqueIdentifier>{93995380-89BD-4b04-88EB-625FBE52EBFB}</UniqueIdentifier>
      <Extensions>h;hh;hpp;hxx;hm;inl;inc;ipp;xsd</Extensions>
    </Filter>
    <Filter Include="Resource Files">
      <UniqueIdentifier>{67DA6AB6-F800-4c08-8B7A-83BB121AAD01}</UniqueIdentifier>
      <Extensions>rc;ico;cur;bmp;dlg;rc2;rct;bin;rgs;gif;jpg;jpeg;jpe;resx;tiff;tif;png;wav;mfcribbon-ms</Extensions>
    </Filter>
    <Filter Include="Dedougger">
      <UniqueIdentifier>{b359b2ca-8c25-4da4-b828-1f7ebf385706}</UniqueIdentifier>
    </Filter>
    <Filter Include="StateRestoration">
      <UniqueIdentifier>{b3e026a2-34cf-44dd-bc6e-82601a385dc0}</UniqueIdentifier>
    </Filter>
    <Filter Include="Fuzzer">
      <UniqueIdentifier>{7af4137f-3b2d-42dc-a379-1ff0993754e5}</UniqueIdentifier>
    </Filter>
  </ItemGroup>
  <ItemGroup>
    <ClInclude Include="stdafx.h">
      <Filter>Header Files</Filter>
    </ClInclude>
    <ClInclude Include="targetver.h">
      <Filter>Header Files</Filter>
    </ClInclude>
    <ClInclude Include="..\Dedougger\source\targetstate\moduleinfo.hpp">
      <Filter>Dedougger</Filter>
    </ClInclude>
    <ClInclude Include="..\Dedougger\source\targetstate\ThreadState.hpp">
      <Filter>Dedougger</Filter>
    </ClInclude>
    <ClInclude Include="..\Dedougger\source\breakpoints\deferredhwbp.h">
      <Filter>Dedougger</Filter>
    </ClInclude>
    <ClInclude Include="..\Dedougger\source\breakpoints\DeferredSWBP.h">
      <Filter>Dedougger</Filter>
    </ClInclude>
    <ClInclude Include="..\Dedougger\source\breakpoints\HwbpDescriptor.h">
      <Filter>Dedougger</Filter>
    </ClInclude>
    <ClInclude Include="..\Dedougger\source\dedougger.hpp">
      <Filter>Dedougger</Filter>
    </ClInclude>
    <ClInclude Include="..\Dedougger\source\dexception.h">
      <Filter>Dedougger</Filter>
    </ClInclude>
    <ClInclude Include="source\harness\harness.hpp">
      <Filter>Source Files</Filter>
    </ClInclude>
    <ClInclude Include="..\Dedougger\source\targetstate\PEInfo.hpp">
      <Filter>Dedougger</Filter>
    </ClInclude>
    <ClInclude Include="source\pagerestorer\PageBackupEx.h">
      <Filter>StateRestoration</Filter>
    </ClInclude>
    <ClInclude Include="source\pagerestorer\PageRestorerEx.h">
      <Filter>StateRestoration</Filter>
    </ClInclude>
    <ClInclude Include="source\threadrestorer\ThreadBackupEx.hpp">
      <Filter>StateRestoration</Filter>
    </ClInclude>
    <ClInclude Include="source\threadrestorer\ThreadRestorerEx.hpp">
      <Filter>StateRestoration</Filter>
    </ClInclude>
    <ClInclude Include="source\fuzzer\StateFuzzer.hpp">
      <Filter>Fuzzer</Filter>
    </ClInclude>
    <ClInclude Include="source\fuzzer\FileFuzzer.hpp">
      <Filter>Fuzzer</Filter>
    </ClInclude>
  </ItemGroup>
  <ItemGroup>
    <ClCompile Include="stdafx.cpp">
      <Filter>Source Files</Filter>
    </ClCompile>
    <ClCompile Include="Dedougger_Harness.cpp">
      <Filter>Source Files</Filter>
    </ClCompile>
    <ClCompile Include="..\Dedougger\source\Dedougger.cpp">
      <Filter>Dedougger</Filter>
    </ClCompile>
    <ClCompile Include="..\Dedougger\source\targetstate\ThreadState.cpp">
      <Filter>Dedougger</Filter>
    </ClCompile>
    <ClCompile Include="..\Dedougger\source\targetstate\PEInfo.cpp">
      <Filter>Dedougger</Filter>
    </ClCompile>
    <ClCompile Include="source\pagerestorer\PageBackupEx.cpp">
      <Filter>StateRestoration</Filter>
    </ClCompile>
    <ClCompile Include="source\pagerestorer\PageRestorerEx.cpp">
      <Filter>StateRestoration</Filter>
    </ClCompile>
    <ClCompile Include="source\threadrestorer\ThreadBackupEx.cpp">
      <Filter>StateRestoration</Filter>
    </ClCompile>
    <ClCompile Include="source\threadrestorer\ThreadRestorerEx.cpp">
      <Filter>StateRestoration</Filter>
    </ClCompile>
    <ClCompile Include="source\fuzzer\StateFuzzer.cpp">
      <Filter>Source Files</Filter>
    </ClCompile>
  </ItemGroup>
</Project>